
Microsoft Visual Studio Solution File, Format Version 12.00
# Visual Studio Version 17
VisualStudioVersion = 17.1.32228.430
MinimumVisualStudioVersion = 10.0.40219.1
Project("{FAE04EC0-301F-11D3-BF4B-00C04F79EFBC}") = "c.ac", "c.ac\c.ac.csproj", "{17E94CBA-DEDF-4CC3-85E3-B4E266E5638C}"
EndProject
Global
	GlobalSection(SolutionConfigurationPlatforms) = preSolution
		Debug|Any CPU = Debug|Any CPU
		Release|Any CPU = Release|Any CPU
	EndGlobalSection
	GlobalSection(ProjectConfigurationPlatforms) = postSolution
		{17E94CBA-DEDF-4CC3-85E3-B4E266E5638C}.Debug|Any CPU.ActiveCfg = Debug|Any CPU
		{17E94CBA-DEDF-4CC3-85E3-B4E266E5638C}.Debug|Any CPU.Build.0 = Debug|Any CPU
		{17E94CBA-DEDF-4CC3-85E3-B4E266E5638C}.Release|Any CPU.ActiveCfg = Release|Any CPU
		{17E94CBA-DEDF-4CC3-85E3-B4E266E5638C}.Release|Any CPU.Build.0 = Release|Any CPU
	EndGlobalSection
	GlobalSection(SolutionProperties) = preSolution
		HideSolutionNode = FALSE
	EndGlobalSection
	GlobalSection(ExtensibilityGlobals) = postSolution
		SolutionGuid = {90CFE312-1F4D-4A8B-A145-0C47AAA1FFA0}
	EndGlobalSection
EndGlobal
